// !$*UTF8*$!
{
	archiveVersion = 1;
	classes = {
	};
	objectVersion = 70;
	objects = {

/* Begin PBXBuildFile section */
		F221BD4D26049578004907E4 /* DirectionToCoordinateApp.swift in Sources */ = {isa = PBXBuildFile; fileRef = F221BD4C26049578004907E4 /* DirectionToCoordinateApp.swift */; };
		F221BD4F26049578004907E4 /* PointInputView.swift in Sources */ = {isa = PBXBuildFile; fileRef = F221BD4E26049578004907E4 /* PointInputView.swift */; };
		F221BD5126049579004907E4 /* Assets.xcassets in Resources */ = {isa = PBXBuildFile; fileRef = F221BD5026049579004907E4 /* Assets.xcassets */; };
		F221BD5426049579004907E4 /* Preview Assets.xcassets in Resources */ = {isa = PBXBuildFile; fileRef = F221BD5326049579004907E4 /* Preview Assets.xcassets */; };
		F221BD6A26049579004907E4 /* DirectionToCoordinateUITests.swift in Sources */ = {isa = PBXBuildFile; fileRef = F221BD6926049579004907E4 /* DirectionToCoordinateUITests.swift */; };
		F221BD7C26049787004907E4 /* LocationProvider.swift in Sources */ = {isa = PBXBuildFile; fileRef = F221BD7B26049787004907E4 /* LocationProvider.swift */; };
		F221BD82260499E0004907E4 /* CLLocationCoordinate2DExtension.swift in Sources */ = {isa = PBXBuildFile; fileRef = F221BD81260499E0004907E4 /* CLLocationCoordinate2DExtension.swift */; };
		F24541602616628E003FAA83 /* Announcer.swift in Sources */ = {isa = PBXBuildFile; fileRef = F245415F2616628E003FAA83 /* Announcer.swift */; };
		F245416E26170C01003FAA83 /* StubHeading.swift in Sources */ = {isa = PBXBuildFile; fileRef = F245416D26170C01003FAA83 /* StubHeading.swift */; };
		F245417426170C22003FAA83 /* LocationProviderTests.swift in Sources */ = {isa = PBXBuildFile; fileRef = F245417326170C22003FAA83 /* LocationProviderTests.swift */; };
		F245418E261716F4003FAA83 /* StubHeading.swift in Sources */ = {isa = PBXBuildFile; fileRef = F245416D26170C01003FAA83 /* StubHeading.swift */; };
		F26A01232605DD1A003EEBE7 /* Messages.framework in Frameworks */ = {isa = PBXBuildFile; fileRef = F26A01222605DD1A003EEBE7 /* Messages.framework */; };
		F26A01262605DD1A003EEBE7 /* MessagesViewController.swift in Sources */ = {isa = PBXBuildFile; fileRef = F26A01252605DD1A003EEBE7 /* MessagesViewController.swift */; };
		F26A01292605DD1A003EEBE7 /* MainInterface.storyboard in Resources */ = {isa = PBXBuildFile; fileRef = F26A01272605DD1A003EEBE7 /* MainInterface.storyboard */; };
		F26A012B2605DD1B003EEBE7 /* Assets.xcassets in Resources */ = {isa = PBXBuildFile; fileRef = F26A012A2605DD1B003EEBE7 /* Assets.xcassets */; };
		F26A012F2605DD1B003EEBE7 /* HeadingToMe.appex in Embed App Extensions */ = {isa = PBXBuildFile; fileRef = F26A01202605DD1A003EEBE7 /* HeadingToMe.appex */; settings = {ATTRIBUTES = (RemoveHeadersOnCopy, ); }; };
		F26A01382605DDEC003EEBE7 /* CLLocationCoordinate2DExtension.swift in Sources */ = {isa = PBXBuildFile; fileRef = F221BD81260499E0004907E4 /* CLLocationCoordinate2DExtension.swift */; };
		F26A01392605DDEC003EEBE7 /* LocationProvider.swift in Sources */ = {isa = PBXBuildFile; fileRef = F221BD7B26049787004907E4 /* LocationProvider.swift */; };
		F26A01442605DE27003EEBE7 /* SendViewController.swift in Sources */ = {isa = PBXBuildFile; fileRef = F26A01422605DE27003EEBE7 /* SendViewController.swift */; };
		F26A01452605DE27003EEBE7 /* SendView.swift in Sources */ = {isa = PBXBuildFile; fileRef = F26A01432605DE27003EEBE7 /* SendView.swift */; };
		F26A014D2605DE44003EEBE7 /* DirectionView.swift in Sources */ = {isa = PBXBuildFile; fileRef = F26A014B2605DE44003EEBE7 /* DirectionView.swift */; };
		F26A014E2605DE44003EEBE7 /* DirectionViewController.swift in Sources */ = {isa = PBXBuildFile; fileRef = F26A014C2605DE44003EEBE7 /* DirectionViewController.swift */; };
		F26A0185261394A6003EEBE7 /* Annotation.swift in Sources */ = {isa = PBXBuildFile; fileRef = F26A0184261394A6003EEBE7 /* Annotation.swift */; };
		F274B9862735C721003648FF /* PointOfRelevance.swift in Sources */ = {isa = PBXBuildFile; fileRef = F274B9852735C721003648FF /* PointOfRelevance.swift */; };
		F274B9882735C77F003648FF /* Coordinate.swift in Sources */ = {isa = PBXBuildFile; fileRef = F274B9872735C77F003648FF /* Coordinate.swift */; };
		F274B98A2735D43C003648FF /* Coordinate.swift in Sources */ = {isa = PBXBuildFile; fileRef = F274B9872735C77F003648FF /* Coordinate.swift */; };
		F274B98C2735DA02003648FF /* PointOfRelevanceStore.swift in Sources */ = {isa = PBXBuildFile; fileRef = F274B98B2735DA02003648FF /* PointOfRelevanceStore.swift */; };
		F2A9667A261B999800016721 /* LatLongText.swift in Sources */ = {isa = PBXBuildFile; fileRef = F2A96679261B999800016721 /* LatLongText.swift */; };
		F2A96680261B9B4400016721 /* DirectionDistance.swift in Sources */ = {isa = PBXBuildFile; fileRef = F2A9667F261B9B4400016721 /* DirectionDistance.swift */; };
		F2A96686261C20B000016721 /* RoutingButton.swift in Sources */ = {isa = PBXBuildFile; fileRef = F2A96685261C20B000016721 /* RoutingButton.swift */; };
		F2A9668C261C269E00016721 /* CLDeviceOrientationExtension.swift in Sources */ = {isa = PBXBuildFile; fileRef = F2A9668B261C269E00016721 /* CLDeviceOrientationExtension.swift */; };
/* End PBXBuildFile section */

/* Begin PBXContainerItemProxy section */
		F221BD5B26049579004907E4 /* PBXContainerItemProxy */ = {
			isa = PBXContainerItemProxy;
			containerPortal = F221BD4126049578004907E4 /* Project object */;
			proxyType = 1;
			remoteGlobalIDString = F221BD4826049578004907E4;
			remoteInfo = DirectionToCoordinate;
		};
		F221BD6626049579004907E4 /* PBXContainerItemProxy */ = {
			isa = PBXContainerItemProxy;
			containerPortal = F221BD4126049578004907E4 /* Project object */;
			proxyType = 1;
			remoteGlobalIDString = F221BD4826049578004907E4;
			remoteInfo = DirectionToCoordinate;
		};
		F26A012D2605DD1B003EEBE7 /* PBXContainerItemProxy */ = {
			isa = PBXContainerItemProxy;
			containerPortal = F221BD4126049578004907E4 /* Project object */;
			proxyType = 1;
			remoteGlobalIDString = F26A011F2605DD1A003EEBE7;
			remoteInfo = HeadingToMe;
		};
/* End PBXContainerItemProxy section */

/* Begin PBXCopyFilesBuildPhase section */
		F26A01302605DD1B003EEBE7 /* Embed App Extensions */ = {
			isa = PBXCopyFilesBuildPhase;
			buildActionMask = 2147483647;
			dstPath = "";
			dstSubfolderSpec = 13;
			files = (
				F26A012F2605DD1B003EEBE7 /* HeadingToMe.appex in Embed App Extensions */,
			);
			name = "Embed App Extensions";
			runOnlyForDeploymentPostprocessing = 0;
		};
/* End PBXCopyFilesBuildPhase section */

/* Begin PBXFileReference section */
		F221BD4926049578004907E4 /* Heada.app */ = {isa = PBXFileReference; explicitFileType = wrapper.application; includeInIndex = 0; path = Heada.app; sourceTree = BUILT_PRODUCTS_DIR; };
		F221BD4C26049578004907E4 /* DirectionToCoordinateApp.swift */ = {isa = PBXFileReference; lastKnownFileType = sourcecode.swift; path = DirectionToCoordinateApp.swift; sourceTree = "<group>"; };
		F221BD4E26049578004907E4 /* PointInputView.swift */ = {isa = PBXFileReference; lastKnownFileType = sourcecode.swift; path = PointInputView.swift; sourceTree = "<group>"; };
		F221BD5026049579004907E4 /* Assets.xcassets */ = {isa = PBXFileReference; lastKnownFileType = folder.assetcatalog; path = Assets.xcassets; sourceTree = "<group>"; };
		F221BD5326049579004907E4 /* Preview Assets.xcassets */ = {isa = PBXFileReference; lastKnownFileType = folder.assetcatalog; path = "Preview Assets.xcassets"; sourceTree = "<group>"; };
		F221BD5526049579004907E4 /* Info.plist */ = {isa = PBXFileReference; lastKnownFileType = text.plist.xml; path = Info.plist; sourceTree = "<group>"; };
		F221BD5A26049579004907E4 /* HeadaTests.xctest */ = {isa = PBXFileReference; explicitFileType = wrapper.cfbundle; includeInIndex = 0; path = HeadaTests.xctest; sourceTree = BUILT_PRODUCTS_DIR; };
		F221BD6026049579004907E4 /* Info.plist */ = {isa = PBXFileReference; lastKnownFileType = text.plist.xml; path = Info.plist; sourceTree = "<group>"; };
		F221BD6526049579004907E4 /* HeadaUITests.xctest */ = {isa = PBXFileReference; explicitFileType = wrapper.cfbundle; includeInIndex = 0; path = HeadaUITests.xctest; sourceTree = BUILT_PRODUCTS_DIR; };
		F221BD6926049579004907E4 /* DirectionToCoordinateUITests.swift */ = {isa = PBXFileReference; lastKnownFileType = sourcecode.swift; path = DirectionToCoordinateUITests.swift; sourceTree = "<group>"; };
		F221BD6B26049579004907E4 /* Info.plist */ = {isa = PBXFileReference; lastKnownFileType = text.plist.xml; path = Info.plist; sourceTree = "<group>"; };
		F221BD7B26049787004907E4 /* LocationProvider.swift */ = {isa = PBXFileReference; lastKnownFileType = sourcecode.swift; path = LocationProvider.swift; sourceTree = "<group>"; };
		F221BD81260499E0004907E4 /* CLLocationCoordinate2DExtension.swift */ = {isa = PBXFileReference; lastKnownFileType = sourcecode.swift; path = CLLocationCoordinate2DExtension.swift; sourceTree = "<group>"; };
		F245415F2616628E003FAA83 /* Announcer.swift */ = {isa = PBXFileReference; lastKnownFileType = sourcecode.swift; path = Announcer.swift; sourceTree = "<group>"; };
		F245416D26170C01003FAA83 /* StubHeading.swift */ = {isa = PBXFileReference; lastKnownFileType = sourcecode.swift; path = StubHeading.swift; sourceTree = "<group>"; };
		F245417326170C22003FAA83 /* LocationProviderTests.swift */ = {isa = PBXFileReference; lastKnownFileType = sourcecode.swift; path = LocationProviderTests.swift; sourceTree = "<group>"; };
		F26A01202605DD1A003EEBE7 /* HeadingToMe.appex */ = {isa = PBXFileReference; explicitFileType = "wrapper.app-extension"; includeInIndex = 0; path = HeadingToMe.appex; sourceTree = BUILT_PRODUCTS_DIR; };
		F26A01222605DD1A003EEBE7 /* Messages.framework */ = {isa = PBXFileReference; lastKnownFileType = wrapper.framework; name = Messages.framework; path = System/Library/Frameworks/Messages.framework; sourceTree = SDKROOT; };
		F26A01252605DD1A003EEBE7 /* MessagesViewController.swift */ = {isa = PBXFileReference; lastKnownFileType = sourcecode.swift; path = MessagesViewController.swift; sourceTree = "<group>"; };
		F26A01282605DD1A003EEBE7 /* Base */ = {isa = PBXFileReference; lastKnownFileType = file.storyboard; name = Base; path = Base.lproj/MainInterface.storyboard; sourceTree = "<group>"; };
		F26A012A2605DD1B003EEBE7 /* Assets.xcassets */ = {isa = PBXFileReference; lastKnownFileType = folder.assetcatalog; path = Assets.xcassets; sourceTree = "<group>"; };
		F26A012C2605DD1B003EEBE7 /* Info.plist */ = {isa = PBXFileReference; lastKnownFileType = text.plist.xml; path = Info.plist; sourceTree = "<group>"; };
		F26A01422605DE27003EEBE7 /* SendViewController.swift */ = {isa = PBXFileReference; fileEncoding = 4; lastKnownFileType = sourcecode.swift; path = SendViewController.swift; sourceTree = "<group>"; };
		F26A01432605DE27003EEBE7 /* SendView.swift */ = {isa = PBXFileReference; fileEncoding = 4; lastKnownFileType = sourcecode.swift; path = SendView.swift; sourceTree = "<group>"; };
		F26A014B2605DE44003EEBE7 /* DirectionView.swift */ = {isa = PBXFileReference; fileEncoding = 4; lastKnownFileType = sourcecode.swift; path = DirectionView.swift; sourceTree = "<group>"; };
		F26A014C2605DE44003EEBE7 /* DirectionViewController.swift */ = {isa = PBXFileReference; fileEncoding = 4; lastKnownFileType = sourcecode.swift; path = DirectionViewController.swift; sourceTree = "<group>"; };
		F26A0184261394A6003EEBE7 /* Annotation.swift */ = {isa = PBXFileReference; lastKnownFileType = sourcecode.swift; path = Annotation.swift; sourceTree = "<group>"; };
		F274B9852735C721003648FF /* PointOfRelevance.swift */ = {isa = PBXFileReference; lastKnownFileType = sourcecode.swift; path = PointOfRelevance.swift; sourceTree = "<group>"; };
		F274B9872735C77F003648FF /* Coordinate.swift */ = {isa = PBXFileReference; lastKnownFileType = sourcecode.swift; path = Coordinate.swift; sourceTree = "<group>"; };
		F274B98B2735DA02003648FF /* PointOfRelevanceStore.swift */ = {isa = PBXFileReference; lastKnownFileType = sourcecode.swift; path = PointOfRelevanceStore.swift; sourceTree = "<group>"; };
		F2A96679261B999800016721 /* LatLongText.swift */ = {isa = PBXFileReference; lastKnownFileType = sourcecode.swift; path = LatLongText.swift; sourceTree = "<group>"; };
		F2A9667F261B9B4400016721 /* DirectionDistance.swift */ = {isa = PBXFileReference; lastKnownFileType = sourcecode.swift; path = DirectionDistance.swift; sourceTree = "<group>"; };
		F2A96685261C20B000016721 /* RoutingButton.swift */ = {isa = PBXFileReference; lastKnownFileType = sourcecode.swift; path = RoutingButton.swift; sourceTree = "<group>"; };
		F2A9668B261C269E00016721 /* CLDeviceOrientationExtension.swift */ = {isa = PBXFileReference; lastKnownFileType = sourcecode.swift; path = CLDeviceOrientationExtension.swift; sourceTree = "<group>"; };
/* End PBXFileReference section */

/* Begin PBXFileSystemSynchronizedRootGroup section */
		F2A1B3CE2F128E17003AE5F4 /* Details */ = {isa = PBXFileSystemSynchronizedRootGroup; explicitFileTypes = {}; explicitFolders = (); path = Details; sourceTree = "<group>"; };
		F2E27F822F0BCD8B0007BDB5 /* Legal */ = {isa = PBXFileSystemSynchronizedRootGroup; explicitFileTypes = {}; explicitFolders = (); path = Legal; sourceTree = "<group>"; };
		F2E27F842F0BE26E0007BDB5 /* List */ = {isa = PBXFileSystemSynchronizedRootGroup; explicitFileTypes = {}; explicitFolders = (); path = List; sourceTree = "<group>"; };
/* End PBXFileSystemSynchronizedRootGroup section */

/* Begin PBXFrameworksBuildPhase section */
		F221BD4626049578004907E4 /* Frameworks */ = {
			isa = PBXFrameworksBuildPhase;
			buildActionMask = 2147483647;
			files = (
			);
			runOnlyForDeploymentPostprocessing = 0;
		};
		F221BD5726049579004907E4 /* Frameworks */ = {
			isa = PBXFrameworksBuildPhase;
			buildActionMask = 2147483647;
			files = (
			);
			runOnlyForDeploymentPostprocessing = 0;
		};
		F221BD6226049579004907E4 /* Frameworks */ = {
			isa = PBXFrameworksBuildPhase;
			buildActionMask = 2147483647;
			files = (
			);
			runOnlyForDeploymentPostprocessing = 0;
		};
		F26A011D2605DD1A003EEBE7 /* Frameworks */ = {
			isa = PBXFrameworksBuildPhase;
			buildActionMask = 2147483647;
			files = (
				F26A01232605DD1A003EEBE7 /* Messages.framework in Frameworks */,
			);
			runOnlyForDeploymentPostprocessing = 0;
		};
/* End PBXFrameworksBuildPhase section */

/* Begin PBXGroup section */
		F221BD4026049578004907E4 = {
			isa = PBXGroup;
			children = (
				F221BD4B26049578004907E4 /* Heada */,
				F221BD5D26049579004907E4 /* HeadaTests */,
				F221BD6826049579004907E4 /* DirectionToCoordinateUITests */,
				F26A01242605DD1A003EEBE7 /* HeadingToMe */,
				F26A01212605DD1A003EEBE7 /* Frameworks */,
				F221BD4A26049578004907E4 /* Products */,
			);
			sourceTree = "<group>";
		};
		F221BD4A26049578004907E4 /* Products */ = {
			isa = PBXGroup;
			children = (
				F221BD4926049578004907E4 /* Heada.app */,
				F221BD5A26049579004907E4 /* HeadaTests.xctest */,
				F221BD6526049579004907E4 /* HeadaUITests.xctest */,
				F26A01202605DD1A003EEBE7 /* HeadingToMe.appex */,
			);
			name = Products;
			sourceTree = "<group>";
		};
		F221BD4B26049578004907E4 /* Heada */ = {
			isa = PBXGroup;
			children = (
				F221BD4C26049578004907E4 /* DirectionToCoordinateApp.swift */,
				F2A1B3CE2F128E17003AE5F4 /* Details */,
				F2E27F842F0BE26E0007BDB5 /* List */,
				F274B9892735CDB1003648FF /* Model */,
				F221BD4E26049578004907E4 /* PointInputView.swift */,
				F2A96679261B999800016721 /* LatLongText.swift */,
				F2A9667F261B9B4400016721 /* DirectionDistance.swift */,
				F2A96685261C20B000016721 /* RoutingButton.swift */,
				F245415F2616628E003FAA83 /* Announcer.swift */,
				F221BD7B26049787004907E4 /* LocationProvider.swift */,
				F221BD81260499E0004907E4 /* CLLocationCoordinate2DExtension.swift */,
				F2A9668B261C269E00016721 /* CLDeviceOrientationExtension.swift */,
				F221BD5026049579004907E4 /* Assets.xcassets */,
				F221BD5526049579004907E4 /* Info.plist */,
				F221BD5226049579004907E4 /* Preview Content */,
				F2E27F822F0BCD8B0007BDB5 /* Legal */,
			);
			path = Heada;
			sourceTree = "<group>";
		};
		F221BD5226049579004907E4 /* Preview Content */ = {
			isa = PBXGroup;
			children = (
				F221BD5326049579004907E4 /* Preview Assets.xcassets */,
			);
			path = "Preview Content";
			sourceTree = "<group>";
		};
		F221BD5D26049579004907E4 /* HeadaTests */ = {
			isa = PBXGroup;
			children = (
				F245417326170C22003FAA83 /* LocationProviderTests.swift */,
				F245418126170CE9003FAA83 /* Mocks */,
				F221BD6026049579004907E4 /* Info.plist */,
			);
			path = HeadaTests;
			sourceTree = "<group>";
		};
		F221BD6826049579004907E4 /* DirectionToCoordinateUITests */ = {
			isa = PBXGroup;
			children = (
				F221BD6926049579004907E4 /* DirectionToCoordinateUITests.swift */,
				F221BD6B26049579004907E4 /* Info.plist */,
			);
			path = DirectionToCoordinateUITests;
			sourceTree = "<group>";
		};
		F245418126170CE9003FAA83 /* Mocks */ = {
			isa = PBXGroup;
			children = (
				F245416D26170C01003FAA83 /* StubHeading.swift */,
			);
			path = Mocks;
			sourceTree = "<group>";
		};
		F26A01212605DD1A003EEBE7 /* Frameworks */ = {
			isa = PBXGroup;
			children = (
				F26A01222605DD1A003EEBE7 /* Messages.framework */,
			);
			name = Frameworks;
			sourceTree = "<group>";
		};
		F26A01242605DD1A003EEBE7 /* HeadingToMe */ = {
			isa = PBXGroup;
			children = (
				F26A01252605DD1A003EEBE7 /* MessagesViewController.swift */,
				F26A01272605DD1A003EEBE7 /* MainInterface.storyboard */,
				F26A014A2605DE44003EEBE7 /* Direction */,
				F26A01412605DE27003EEBE7 /* Send */,
				F26A012A2605DD1B003EEBE7 /* Assets.xcassets */,
				F26A012C2605DD1B003EEBE7 /* Info.plist */,
			);
			path = HeadingToMe;
			sourceTree = "<group>";
		};
		F26A01412605DE27003EEBE7 /* Send */ = {
			isa = PBXGroup;
			children = (
				F26A01422605DE27003EEBE7 /* SendViewController.swift */,
				F26A01432605DE27003EEBE7 /* SendView.swift */,
			);
			path = Send;
			sourceTree = "<group>";
		};
		F26A014A2605DE44003EEBE7 /* Direction */ = {
			isa = PBXGroup;
			children = (
				F26A014C2605DE44003EEBE7 /* DirectionViewController.swift */,
				F26A014B2605DE44003EEBE7 /* DirectionView.swift */,
				F26A0184261394A6003EEBE7 /* Annotation.swift */,
			);
			path = Direction;
			sourceTree = "<group>";
		};
		F274B9892735CDB1003648FF /* Model */ = {
			isa = PBXGroup;
			children = (
				F274B9852735C721003648FF /* PointOfRelevance.swift */,
				F274B9872735C77F003648FF /* Coordinate.swift */,
				F274B98B2735DA02003648FF /* PointOfRelevanceStore.swift */,
			);
			path = Model;
			sourceTree = "<group>";
		};
/* End PBXGroup section */

/* Begin PBXNativeTarget section */
		F221BD4826049578004907E4 /* Heada */ = {
			isa = PBXNativeTarget;
			buildConfigurationList = F221BD6E26049579004907E4 /* Build configuration list for PBXNativeTarget "Heada" */;
			buildPhases = (
				F221BD4526049578004907E4 /* Sources */,
				F221BD4626049578004907E4 /* Frameworks */,
				F221BD4726049578004907E4 /* Resources */,
				F26A01302605DD1B003EEBE7 /* Embed App Extensions */,
			);
			buildRules = (
			);
			dependencies = (
				F26A012E2605DD1B003EEBE7 /* PBXTargetDependency */,
			);
			fileSystemSynchronizedGroups = (
				F2A1B3CE2F128E17003AE5F4 /* Details */,
				F2E27F822F0BCD8B0007BDB5 /* Legal */,
				F2E27F842F0BE26E0007BDB5 /* List */,
			);
			name = Heada;
			productName = DirectionToCoordinate;
			productReference = F221BD4926049578004907E4 /* Heada.app */;
			productType = "com.apple.product-type.application";
		};
		F221BD5926049579004907E4 /* HeadaTests */ = {
			isa = PBXNativeTarget;
			buildConfigurationList = F221BD7126049579004907E4 /* Build configuration list for PBXNativeTarget "HeadaTests" */;
			buildPhases = (
				F221BD5626049579004907E4 /* Sources */,
				F221BD5726049579004907E4 /* Frameworks */,
				F221BD5826049579004907E4 /* Resources */,
			);
			buildRules = (
			);
			dependencies = (
				F221BD5C26049579004907E4 /* PBXTargetDependency */,
			);
			name = HeadaTests;
			productName = DirectionToCoordinateTests;
			productReference = F221BD5A26049579004907E4 /* HeadaTests.xctest */;
			productType = "com.apple.product-type.bundle.unit-test";
		};
		F221BD6426049579004907E4 /* HeadaUITests */ = {
			isa = PBXNativeTarget;
			buildConfigurationList = F221BD7426049579004907E4 /* Build configuration list for PBXNativeTarget "HeadaUITests" */;
			buildPhases = (
				F221BD6126049579004907E4 /* Sources */,
				F221BD6226049579004907E4 /* Frameworks */,
				F221BD6326049579004907E4 /* Resources */,
			);
			buildRules = (
			);
			dependencies = (
				F221BD6726049579004907E4 /* PBXTargetDependency */,
			);
			name = HeadaUITests;
			productName = DirectionToCoordinateUITests;
			productReference = F221BD6526049579004907E4 /* HeadaUITests.xctest */;
			productType = "com.apple.product-type.bundle.ui-testing";
		};
		F26A011F2605DD1A003EEBE7 /* HeadingToMe */ = {
			isa = PBXNativeTarget;
			buildConfigurationList = F26A01332605DD1B003EEBE7 /* Build configuration list for PBXNativeTarget "HeadingToMe" */;
			buildPhases = (
				F26A011C2605DD1A003EEBE7 /* Sources */,
				F26A011D2605DD1A003EEBE7 /* Frameworks */,
				F26A011E2605DD1A003EEBE7 /* Resources */,
			);
			buildRules = (
			);
			dependencies = (
			);
			name = HeadingToMe;
			productName = HeadingToMe;
			productReference = F26A01202605DD1A003EEBE7 /* HeadingToMe.appex */;
			productType = "com.apple.product-type.app-extension.messages";
		};
/* End PBXNativeTarget section */

/* Begin PBXProject section */
		F221BD4126049578004907E4 /* Project object */ = {
			isa = PBXProject;
			attributes = {
				LastSwiftUpdateCheck = 1240;
				LastUpgradeCheck = 1240;
				ORGANIZATIONNAME = dasdom;
				TargetAttributes = {
					F221BD4826049578004907E4 = {
						CreatedOnToolsVersion = 12.4;
					};
					F221BD5926049579004907E4 = {
						CreatedOnToolsVersion = 12.4;
						TestTargetID = F221BD4826049578004907E4;
					};
					F221BD6426049579004907E4 = {
						CreatedOnToolsVersion = 12.4;
						TestTargetID = F221BD4826049578004907E4;
					};
					F26A011F2605DD1A003EEBE7 = {
						CreatedOnToolsVersion = 12.4;
					};
				};
			};
			buildConfigurationList = F221BD4426049578004907E4 /* Build configuration list for PBXProject "Heada" */;
			compatibilityVersion = "Xcode 9.3";
			developmentRegion = en;
			hasScannedForEncodings = 0;
			knownRegions = (
				en,
				Base,
			);
			mainGroup = F221BD4026049578004907E4;
			productRefGroup = F221BD4A26049578004907E4 /* Products */;
			projectDirPath = "";
			projectRoot = "";
			targets = (
				F221BD4826049578004907E4 /* Heada */,
				F26A011F2605DD1A003EEBE7 /* HeadingToMe */,
				F221BD5926049579004907E4 /* HeadaTests */,
				F221BD6426049579004907E4 /* HeadaUITests */,
			);
		};
/* End PBXProject section */

/* Begin PBXResourcesBuildPhase section */
		F221BD4726049578004907E4 /* Resources */ = {
			isa = PBXResourcesBuildPhase;
			buildActionMask = 2147483647;
			files = (
				F221BD5426049579004907E4 /* Preview Assets.xcassets in Resources */,
				F221BD5126049579004907E4 /* Assets.xcassets in Resources */,
			);
			runOnlyForDeploymentPostprocessing = 0;
		};
		F221BD5826049579004907E4 /* Resources */ = {
			isa = PBXResourcesBuildPhase;
			buildActionMask = 2147483647;
			files = (
			);
			runOnlyForDeploymentPostprocessing = 0;
		};
		F221BD6326049579004907E4 /* Resources */ = {
			isa = PBXResourcesBuildPhase;
			buildActionMask = 2147483647;
			files = (
			);
			runOnlyForDeploymentPostprocessing = 0;
		};
		F26A011E2605DD1A003EEBE7 /* Resources */ = {
			isa = PBXResourcesBuildPhase;
			buildActionMask = 2147483647;
			files = (
				F26A012B2605DD1B003EEBE7 /* Assets.xcassets in Resources */,
				F26A01292605DD1A003EEBE7 /* MainInterface.storyboard in Resources */,
			);
			runOnlyForDeploymentPostprocessing = 0;
		};
/* End PBXResourcesBuildPhase section */

/* Begin PBXSourcesBuildPhase section */
		F221BD4526049578004907E4 /* Sources */ = {
			isa = PBXSourcesBuildPhase;
			buildActionMask = 2147483647;
			files = (
				F2A96686261C20B000016721 /* RoutingButton.swift in Sources */,
				F2A9668C261C269E00016721 /* CLDeviceOrientationExtension.swift in Sources */,
				F221BD7C26049787004907E4 /* LocationProvider.swift in Sources */,
				F221BD4F26049578004907E4 /* PointInputView.swift in Sources */,
				F2A9667A261B999800016721 /* LatLongText.swift in Sources */,
				F245418E261716F4003FAA83 /* StubHeading.swift in Sources */,
				F274B9862735C721003648FF /* PointOfRelevance.swift in Sources */,
				F274B9882735C77F003648FF /* Coordinate.swift in Sources */,
				F221BD4D26049578004907E4 /* DirectionToCoordinateApp.swift in Sources */,
				F24541602616628E003FAA83 /* Announcer.swift in Sources */,
				F2A96680261B9B4400016721 /* DirectionDistance.swift in Sources */,
				F221BD82260499E0004907E4 /* CLLocationCoordinate2DExtension.swift in Sources */,
				F274B98C2735DA02003648FF /* PointOfRelevanceStore.swift in Sources */,
			);
			runOnlyForDeploymentPostprocessing = 0;
		};
		F221BD5626049579004907E4 /* Sources */ = {
			isa = PBXSourcesBuildPhase;
			buildActionMask = 2147483647;
			files = (
				F245417426170C22003FAA83 /* LocationProviderTests.swift in Sources */,
				F245416E26170C01003FAA83 /* StubHeading.swift in Sources */,
			);
			runOnlyForDeploymentPostprocessing = 0;
		};
		F221BD6126049579004907E4 /* Sources */ = {
			isa = PBXSourcesBuildPhase;
			buildActionMask = 2147483647;
			files = (
				F221BD6A26049579004907E4 /* DirectionToCoordinateUITests.swift in Sources */,
			);
			runOnlyForDeploymentPostprocessing = 0;
		};
		F26A011C2605DD1A003EEBE7 /* Sources */ = {
			isa = PBXSourcesBuildPhase;
			buildActionMask = 2147483647;
			files = (
				F26A014D2605DE44003EEBE7 /* DirectionView.swift in Sources */,
				F26A01442605DE27003EEBE7 /* SendViewController.swift in Sources */,
				F26A01392605DDEC003EEBE7 /* LocationProvider.swift in Sources */,
				F26A01262605DD1A003EEBE7 /* MessagesViewController.swift in Sources */,
				F26A01452605DE27003EEBE7 /* SendView.swift in Sources */,
				F274B98A2735D43C003648FF /* Coordinate.swift in Sources */,
				F26A01382605DDEC003EEBE7 /* CLLocationCoordinate2DExtension.swift in Sources */,
				F26A0185261394A6003EEBE7 /* Annotation.swift in Sources */,
				F26A014E2605DE44003EEBE7 /* DirectionViewController.swift in Sources */,
			);
			runOnlyForDeploymentPostprocessing = 0;
		};
/* End PBXSourcesBuildPhase section */

/* Begin PBXTargetDependency section */
		F221BD5C26049579004907E4 /* PBXTargetDependency */ = {
			isa = PBXTargetDependency;
			target = F221BD4826049578004907E4 /* Heada */;
			targetProxy = F221BD5B26049579004907E4 /* PBXContainerItemProxy */;
		};
		F221BD6726049579004907E4 /* PBXTargetDependency */ = {
			isa = PBXTargetDependency;
			target = F221BD4826049578004907E4 /* Heada */;
			targetProxy = F221BD6626049579004907E4 /* PBXContainerItemProxy */;
		};
		F26A012E2605DD1B003EEBE7 /* PBXTargetDependency */ = {
			isa = PBXTargetDependency;
			target = F26A011F2605DD1A003EEBE7 /* HeadingToMe */;
			targetProxy = F26A012D2605DD1B003EEBE7 /* PBXContainerItemProxy */;
		};
/* End PBXTargetDependency section */

/* Begin PBXVariantGroup section */
		F26A01272605DD1A003EEBE7 /* MainInterface.storyboard */ = {
			isa = PBXVariantGroup;
			children = (
				F26A01282605DD1A003EEBE7 /* Base */,
			);
			name = MainInterface.storyboard;
			sourceTree = "<group>";
		};
/* End PBXVariantGroup section */

/* Begin XCBuildConfiguration section */
		F221BD6C26049579004907E4 /* Debug */ = {
			isa = XCBuildConfiguration;
			buildSettings = {
				ALWAYS_SEARCH_USER_PATHS = NO;
				CLANG_ANALYZER_NONNULL = YES;
				CLANG_ANALYZER_NUMBER_OBJECT_CONVERSION = YES_AGGRESSIVE;
				CLANG_CXX_LANGUAGE_STANDARD = "gnu++14";
				CLANG_CXX_LIBRARY = "libc++";
				CLANG_ENABLE_MODULES = YES;
				CLANG_ENABLE_OBJC_ARC = YES;
				CLANG_ENABLE_OBJC_WEAK = YES;
				CLANG_WARN_BLOCK_CAPTURE_AUTORELEASING = YES;
				CLANG_WARN_BOOL_CONVERSION = YES;
				CLANG_WARN_COMMA = YES;
				CLANG_WARN_CONSTANT_CONVERSION = YES;
				CLANG_WARN_DEPRECATED_OBJC_IMPLEMENTATIONS = YES;
				CLANG_WARN_DIRECT_OBJC_ISA_USAGE = YES_ERROR;
				CLANG_WARN_DOCUMENTATION_COMMENTS = YES;
				CLANG_WARN_EMPTY_BODY = YES;
				CLANG_WARN_ENUM_CONVERSION = YES;
				CLANG_WARN_INFINITE_RECURSION = YES;
				CLANG_WARN_INT_CONVERSION = YES;
				CLANG_WARN_NON_LITERAL_NULL_CONVERSION = YES;
				CLANG_WARN_OBJC_IMPLICIT_RETAIN_SELF = YES;
				CLANG_WARN_OBJC_LITERAL_CONVERSION = YES;
				CLANG_WARN_OBJC_ROOT_CLASS = YES_ERROR;
				CLANG_WARN_QUOTED_INCLUDE_IN_FRAMEWORK_HEADER = YES;
				CLANG_WARN_RANGE_LOOP_ANALYSIS = YES;
				CLANG_WARN_STRICT_PROTOTYPES = YES;
				CLANG_WARN_SUSPICIOUS_MOVE = YES;
				CLANG_WARN_UNGUARDED_AVAILABILITY = YES_AGGRESSIVE;
				CLANG_WARN_UNREACHABLE_CODE = YES;
				CLANG_WARN__DUPLICATE_METHOD_MATCH = YES;
				COPY_PHASE_STRIP = NO;
				DEBUG_INFORMATION_FORMAT = dwarf;
				ENABLE_STRICT_OBJC_MSGSEND = YES;
				ENABLE_TESTABILITY = YES;
				GCC_C_LANGUAGE_STANDARD = gnu11;
				GCC_DYNAMIC_NO_PIC = NO;
				GCC_NO_COMMON_BLOCKS = YES;
				GCC_OPTIMIZATION_LEVEL = 0;
				GCC_PREPROCESSOR_DEFINITIONS = (
					"DEBUG=1",
					"$(inherited)",
				);
				GCC_WARN_64_TO_32_BIT_CONVERSION = YES;
				GCC_WARN_ABOUT_RETURN_TYPE = YES_ERROR;
				GCC_WARN_UNDECLARED_SELECTOR = YES;
				GCC_WARN_UNINITIALIZED_AUTOS = YES_AGGRESSIVE;
				GCC_WARN_UNUSED_FUNCTION = YES;
				GCC_WARN_UNUSED_VARIABLE = YES;
				IPHONEOS_DEPLOYMENT_TARGET = 14.4;
				MTL_ENABLE_DEBUG_INFO = INCLUDE_SOURCE;
				MTL_FAST_MATH = YES;
				ONLY_ACTIVE_ARCH = YES;
				SDKROOT = iphoneos;
				SWIFT_ACTIVE_COMPILATION_CONDITIONS = DEBUG;
				SWIFT_OPTIMIZATION_LEVEL = "-Onone";
			};
			name = Debug;
		};
		F221BD6D26049579004907E4 /* Release */ = {
			isa = XCBuildConfiguration;
			buildSettings = {
				ALWAYS_SEARCH_USER_PATHS = NO;
				CLANG_ANALYZER_NONNULL = YES;
				CLANG_ANALYZER_NUMBER_OBJECT_CONVERSION = YES_AGGRESSIVE;
				CLANG_CXX_LANGUAGE_STANDARD = "gnu++14";
				CLANG_CXX_LIBRARY = "libc++";
				CLANG_ENABLE_MODULES = YES;
				CLANG_ENABLE_OBJC_ARC = YES;
				CLANG_ENABLE_OBJC_WEAK = YES;
				CLANG_WARN_BLOCK_CAPTURE_AUTORELEASING = YES;
				CLANG_WARN_BOOL_CONVERSION = YES;
				CLANG_WARN_COMMA = YES;
				CLANG_WARN_CONSTANT_CONVERSION = YES;
				CLANG_WARN_DEPRECATED_OBJC_IMPLEMENTATIONS = YES;
				CLANG_WARN_DIRECT_OBJC_ISA_USAGE = YES_ERROR;
				CLANG_WARN_DOCUMENTATION_COMMENTS = YES;
				CLANG_WARN_EMPTY_BODY = YES;
				CLANG_WARN_ENUM_CONVERSION = YES;
				CLANG_WARN_INFINITE_RECURSION = YES;
				CLANG_WARN_INT_CONVERSION = YES;
				CLANG_WARN_NON_LITERAL_NULL_CONVERSION = YES;
				CLANG_WARN_OBJC_IMPLICIT_RETAIN_SELF = YES;
				CLANG_WARN_OBJC_LITERAL_CONVERSION = YES;
				CLANG_WARN_OBJC_ROOT_CLASS = YES_ERROR;
				CLANG_WARN_QUOTED_INCLUDE_IN_FRAMEWORK_HEADER = YES;
				CLANG_WARN_RANGE_LOOP_ANALYSIS = YES;
				CLANG_WARN_STRICT_PROTOTYPES = YES;
				CLANG_WARN_SUSPICIOUS_MOVE = YES;
				CLANG_WARN_UNGUARDED_AVAILABILITY = YES_AGGRESSIVE;
				CLANG_WARN_UNREACHABLE_CODE = YES;
				CLANG_WARN__DUPLICATE_METHOD_MATCH = YES;
				COPY_PHASE_STRIP = NO;
				DEBUG_INFORMATION_FORMAT = "dwarf-with-dsym";
				ENABLE_NS_ASSERTIONS = NO;
				ENABLE_STRICT_OBJC_MSGSEND = YES;
				GCC_C_LANGUAGE_STANDARD = gnu11;
				GCC_NO_COMMON_BLOCKS = YES;
				GCC_WARN_64_TO_32_BIT_CONVERSION = YES;
				GCC_WARN_ABOUT_RETURN_TYPE = YES_ERROR;
				GCC_WARN_UNDECLARED_SELECTOR = YES;
				GCC_WARN_UNINITIALIZED_AUTOS = YES_AGGRESSIVE;
				GCC_WARN_UNUSED_FUNCTION = YES;
				GCC_WARN_UNUSED_VARIABLE = YES;
				IPHONEOS_DEPLOYMENT_TARGET = 14.4;
				MTL_ENABLE_DEBUG_INFO = NO;
				MTL_FAST_MATH = YES;
				SDKROOT = iphoneos;
				SWIFT_COMPILATION_MODE = wholemodule;
				SWIFT_OPTIMIZATION_LEVEL = "-O";
				VALIDATE_PRODUCT = YES;
			};
			name = Release;
		};
		F221BD6F26049579004907E4 /* Debug */ = {
			isa = XCBuildConfiguration;
			buildSettings = {
				ALWAYS_EMBED_SWIFT_STANDARD_LIBRARIES = YES;
				ASSETCATALOG_COMPILER_APPICON_NAME = AppIcon;
				ASSETCATALOG_COMPILER_GLOBAL_ACCENT_COLOR_NAME = AccentColor;
				CODE_SIGN_STYLE = Automatic;
				CURRENT_PROJECT_VERSION = 8;
				DEVELOPMENT_ASSET_PATHS = "\"Heada/Preview Content\"";
				DEVELOPMENT_TEAM = Q6PD97MRX4;
				ENABLE_PREVIEWS = YES;
				INFOPLIST_FILE = Heada/Info.plist;
				IPHONEOS_DEPLOYMENT_TARGET = 18.6;
				LD_RUNPATH_SEARCH_PATHS = (
					"$(inherited)",
					"@executable_path/Frameworks",
				);
				MARKETING_VERSION = 1.3;
				PRODUCT_BUNDLE_IDENTIFIER = de.dasdom.heada;
				PRODUCT_NAME = "$(TARGET_NAME)";
				SWIFT_VERSION = 5.0;
				TARGETED_DEVICE_FAMILY = "1,2";
			};
			name = Debug;
		};
		F221BD7026049579004907E4 /* Release */ = {
			isa = XCBuildConfiguration;
			buildSettings = {
				ALWAYS_EMBED_SWIFT_STANDARD_LIBRARIES = YES;
				ASSETCATALOG_COMPILER_APPICON_NAME = AppIcon;
				ASSETCATALOG_COMPILER_GLOBAL_ACCENT_COLOR_NAME = AccentColor;
				CODE_SIGN_STYLE = Automatic;
				CURRENT_PROJECT_VERSION = 8;
				DEVELOPMENT_ASSET_PATHS = "\"Heada/Preview Content\"";
				DEVELOPMENT_TEAM = Q6PD97MRX4;
				ENABLE_PREVIEWS = YES;
				INFOPLIST_FILE = Heada/Info.plist;
				IPHONEOS_DEPLOYMENT_TARGET = 18.6;
				LD_RUNPATH_SEARCH_PATHS = (
					"$(inherited)",
					"@executable_path/Frameworks",
				);
				MARKETING_VERSION = 1.3;
				PRODUCT_BUNDLE_IDENTIFIER = de.dasdom.heada;
				PRODUCT_NAME = "$(TARGET_NAME)";
				SWIFT_VERSION = 5.0;
				TARGETED_DEVICE_FAMILY = "1,2";
			};
			name = Release;
		};
		F221BD7226049579004907E4 /* Debug */ = {
			isa = XCBuildConfiguration;
			buildSettings = {
				ALWAYS_EMBED_SWIFT_STANDARD_LIBRARIES = YES;
				BUNDLE_LOADER = "$(TEST_HOST)";
				CODE_SIGN_STYLE = Automatic;
				DEVELOPMENT_TEAM = Q6PD97MRX4;
				INFOPLIST_FILE = HeadaTests/Info.plist;
				IPHONEOS_DEPLOYMENT_TARGET = 14.1;
				LD_RUNPATH_SEARCH_PATHS = (
					"$(inherited)",
					"@executable_path/Frameworks",
					"@loader_path/Frameworks",
				);
				PRODUCT_BUNDLE_IDENTIFIER = de.dasdom.HeadaTests;
				PRODUCT_NAME = "$(TARGET_NAME)";
				SWIFT_VERSION = 5.0;
				TARGETED_DEVICE_FAMILY = "1,2";
				TEST_HOST = "$(BUILT_PRODUCTS_DIR)/Heada.app/Heada";
			};
			name = Debug;
		};
		F221BD7326049579004907E4 /* Release */ = {
			isa = XCBuildConfiguration;
			buildSettings = {
				ALWAYS_EMBED_SWIFT_STANDARD_LIBRARIES = YES;
				BUNDLE_LOADER = "$(TEST_HOST)";
				CODE_SIGN_STYLE = Automatic;
				DEVELOPMENT_TEAM = Q6PD97MRX4;
				INFOPLIST_FILE = HeadaTests/Info.plist;
				IPHONEOS_DEPLOYMENT_TARGET = 14.1;
				LD_RUNPATH_SEARCH_PATHS = (
					"$(inherited)",
					"@executable_path/Frameworks",
					"@loader_path/Frameworks",
				);
				PRODUCT_BUNDLE_IDENTIFIER = de.dasdom.HeadaTests;
				PRODUCT_NAME = "$(TARGET_NAME)";
				SWIFT_VERSION = 5.0;
				TARGETED_DEVICE_FAMILY = "1,2";
				TEST_HOST = "$(BUILT_PRODUCTS_DIR)/Heada.app/Heada";
			};
			name = Release;
		};
		F221BD7526049579004907E4 /* Debug */ = {
			isa = XCBuildConfiguration;
			buildSettings = {
				ALWAYS_EMBED_SWIFT_STANDARD_LIBRARIES = YES;
				CODE_SIGN_STYLE = Automatic;
				DEVELOPMENT_TEAM = Q6PD97MRX4;
				INFOPLIST_FILE = DirectionToCoordinateUITests/Info.plist;
				LD_RUNPATH_SEARCH_PATHS = (
					"$(inherited)",
					"@executable_path/Frameworks",
					"@loader_path/Frameworks",
				);
				PRODUCT_BUNDLE_IDENTIFIER = de.dasdom.DirectionToCoordinateUITests;
				PRODUCT_NAME = "$(TARGET_NAME)";
				SWIFT_VERSION = 5.0;
				TARGETED_DEVICE_FAMILY = "1,2";
				TEST_TARGET_NAME = DirectionToCoordinate;
			};
			name = Debug;
		};
		F221BD7626049579004907E4 /* Release */ = {
			isa = XCBuildConfiguration;
			buildSettings = {
				ALWAYS_EMBED_SWIFT_STANDARD_LIBRARIES = YES;
				CODE_SIGN_STYLE = Automatic;
				DEVELOPMENT_TEAM = Q6PD97MRX4;
				INFOPLIST_FILE = DirectionToCoordinateUITests/Info.plist;
				LD_RUNPATH_SEARCH_PATHS = (
					"$(inherited)",
					"@executable_path/Frameworks",
					"@loader_path/Frameworks",
				);
				PRODUCT_BUNDLE_IDENTIFIER = de.dasdom.DirectionToCoordinateUITests;
				PRODUCT_NAME = "$(TARGET_NAME)";
				SWIFT_VERSION = 5.0;
				TARGETED_DEVICE_FAMILY = "1,2";
				TEST_TARGET_NAME = DirectionToCoordinate;
			};
			name = Release;
		};
		F26A01312605DD1B003EEBE7 /* Debug */ = {
			isa = XCBuildConfiguration;
			buildSettings = {
				ASSETCATALOG_COMPILER_APPICON_NAME = "iMessage App Icon";
				CODE_SIGN_STYLE = Automatic;
				CURRENT_PROJECT_VERSION = 8;
				DEVELOPMENT_TEAM = Q6PD97MRX4;
				INFOPLIST_FILE = HeadingToMe/Info.plist;
				IPHONEOS_DEPLOYMENT_TARGET = 14.1;
				LD_RUNPATH_SEARCH_PATHS = (
					"$(inherited)",
					"@executable_path/Frameworks",
					"@executable_path/../../Frameworks",
				);
				MARKETING_VERSION = 1.3;
				PRODUCT_BUNDLE_IDENTIFIER = de.dasdom.heada.HeadingToMe;
				PRODUCT_NAME = "$(TARGET_NAME)";
				SKIP_INSTALL = YES;
				SWIFT_VERSION = 5.0;
				TARGETED_DEVICE_FAMILY = "1,2";
			};
			name = Debug;
		};
		F26A01322605DD1B003EEBE7 /* Release */ = {
			isa = XCBuildConfiguration;
			buildSettings = {
				ASSETCATALOG_COMPILER_APPICON_NAME = "iMessage App Icon";
				CODE_SIGN_STYLE = Automatic;
				CURRENT_PROJECT_VERSION = 8;
				DEVELOPMENT_TEAM = Q6PD97MRX4;
				INFOPLIST_FILE = HeadingToMe/Info.plist;
				IPHONEOS_DEPLOYMENT_TARGET = 14.1;
				LD_RUNPATH_SEARCH_PATHS = (
					"$(inherited)",
					"@executable_path/Frameworks",
					"@executable_path/../../Frameworks",
				);
				MARKETING_VERSION = 1.3;
				PRODUCT_BUNDLE_IDENTIFIER = de.dasdom.heada.HeadingToMe;
				PRODUCT_NAME = "$(TARGET_NAME)";
				SKIP_INSTALL = YES;
				SWIFT_VERSION = 5.0;
				TARGETED_DEVICE_FAMILY = "1,2";
			};
			name = Release;
		};
/* End XCBuildConfiguration section */

/* Begin XCConfigurationList section */
		F221BD4426049578004907E4 /* Build configuration list for PBXProject "Heada" */ = {
			isa = XCConfigurationList;
			buildConfigurations = (
				F221BD6C26049579004907E4 /* Debug */,
				F221BD6D26049579004907E4 /* Release */,
			);
			defaultConfigurationIsVisible = 0;
			defaultConfigurationName = Release;
		};
		F221BD6E26049579004907E4 /* Build configuration list for PBXNativeTarget "Heada" */ = {
			isa = XCConfigurationList;
			buildConfigurations = (
				F221BD6F26049579004907E4 /* Debug */,
				F221BD7026049579004907E4 /* Release */,
			);
			defaultConfigurationIsVisible = 0;
			defaultConfigurationName = Release;
		};
		F221BD7126049579004907E4 /* Build configuration list for PBXNativeTarget "HeadaTests" */ = {
			isa = XCConfigurationList;
			buildConfigurations = (
				F221BD7226049579004907E4 /* Debug */,
				F221BD7326049579004907E4 /* Release */,
			);
			defaultConfigurationIsVisible = 0;
			defaultConfigurationName = Release;
		};
		F221BD7426049579004907E4 /* Build configuration list for PBXNativeTarget "HeadaUITests" */ = {
			isa = XCConfigurationList;
			buildConfigurations = (
				F221BD7526049579004907E4 /* Debug */,
				F221BD7626049579004907E4 /* Release */,
			);
			defaultConfigurationIsVisible = 0;
			defaultConfigurationName = Release;
		};
		F26A01332605DD1B003EEBE7 /* Build configuration list for PBXNativeTarget "HeadingToMe" */ = {
			isa = XCConfigurationList;
			buildConfigurations = (
				F26A01312605DD1B003EEBE7 /* Debug */,
				F26A01322605DD1B003EEBE7 /* Release */,
			);
			defaultConfigurationIsVisible = 0;
			defaultConfigurationName = Release;
		};
/* End XCConfigurationList section */
	};
	rootObject = F221BD4126049578004907E4 /* Project object */;
}
