// !$*UTF8*$!
{
	archiveVersion = 1;
	classes = {
	};
	objectVersion = 50;
	objects = {

/* Begin PBXBuildFile section */
		F221BD4D26049578004907E4 /* DirectionToCoordinateApp.swift in Sources */ = {isa = PBXBuildFile; fileRef = F221BD4C26049578004907E4 /* DirectionToCoordinateApp.swift */; };
		F221BD4F26049578004907E4 /* ContentView.swift in Sources */ = {isa = PBXBuildFile; fileRef = F221BD4E26049578004907E4 /* ContentView.swift */; };
		F221BD5126049579004907E4 /* Assets.xcassets in Resources */ = {isa = PBXBuildFile; fileRef = F221BD5026049579004907E4 /* Assets.xcassets */; };
		F221BD5426049579004907E4 /* Preview Assets.xcassets in Resources */ = {isa = PBXBuildFile; fileRef = F221BD5326049579004907E4 /* Preview Assets.xcassets */; };
		F221BD5F26049579004907E4 /* DirectionToCoordinateTests.swift in Sources */ = {isa = PBXBuildFile; fileRef = F221BD5E26049579004907E4 /* DirectionToCoordinateTests.swift */; };
		F221BD6A26049579004907E4 /* DirectionToCoordinateUITests.swift in Sources */ = {isa = PBXBuildFile; fileRef = F221BD6926049579004907E4 /* DirectionToCoordinateUITests.swift */; };
/* End PBXBuildFile section */

/* Begin PBXContainerItemProxy section */
		F221BD5B26049579004907E4 /* PBXContainerItemProxy */ = {
			isa = PBXContainerItemProxy;
			containerPortal = F221BD4126049578004907E4 /* Project object */;
			proxyType = 1;
			remoteGlobalIDString = F221BD4826049578004907E4;
			remoteInfo = DirectionToCoordinate;
		};
		F221BD6626049579004907E4 /* PBXContainerItemProxy */ = {
			isa = PBXContainerItemProxy;
			containerPortal = F221BD4126049578004907E4 /* Project object */;
			proxyType = 1;
			remoteGlobalIDString = F221BD4826049578004907E4;
			remoteInfo = DirectionToCoordinate;
		};
/* End PBXContainerItemProxy section */

/* Begin PBXFileReference section */
		F221BD4926049578004907E4 /* DirectionToCoordinate.app */ = {isa = PBXFileReference; explicitFileType = wrapper.application; includeInIndex = 0; path = DirectionToCoordinate.app; sourceTree = BUILT_PRODUCTS_DIR; };
		F221BD4C26049578004907E4 /* DirectionToCoordinateApp.swift */ = {isa = PBXFileReference; lastKnownFileType = sourcecode.swift; path = DirectionToCoordinateApp.swift; sourceTree = "<group>"; };
		F221BD4E26049578004907E4 /* ContentView.swift */ = {isa = PBXFileReference; lastKnownFileType = sourcecode.swift; path = ContentView.swift; sourceTree = "<group>"; };
		F221BD5026049579004907E4 /* Assets.xcassets */ = {isa = PBXFileReference; lastKnownFileType = folder.assetcatalog; path = Assets.xcassets; sourceTree = "<group>"; };
		F221BD5326049579004907E4 /* Preview Assets.xcassets */ = {isa = PBXFileReference; lastKnownFileType = folder.assetcatalog; path = "Preview Assets.xcassets"; sourceTree = "<group>"; };
		F221BD5526049579004907E4 /* Info.plist */ = {isa = PBXFileReference; lastKnownFileType = text.plist.xml; path = Info.plist; sourceTree = "<group>"; };
		F221BD5A26049579004907E4 /* DirectionToCoordinateTests.xctest */ = {isa = PBXFileReference; explicitFileType = wrapper.cfbundle; includeInIndex = 0; path = DirectionToCoordinateTests.xctest; sourceTree = BUILT_PRODUCTS_DIR; };
		F221BD5E26049579004907E4 /* DirectionToCoordinateTests.swift */ = {isa = PBXFileReference; lastKnownFileType = sourcecode.swift; path = DirectionToCoordinateTests.swift; sourceTree = "<group>"; };
		F221BD6026049579004907E4 /* Info.plist */ = {isa = PBXFileReference; lastKnownFileType = text.plist.xml; path = Info.plist; sourceTree = "<group>"; };
		F221BD6526049579004907E4 /* DirectionToCoordinateUITests.xctest */ = {isa = PBXFileReference; explicitFileType = wrapper.cfbundle; includeInIndex = 0; path = DirectionToCoordinateUITests.xctest; sourceTree = BUILT_PRODUCTS_DIR; };
		F221BD6926049579004907E4 /* DirectionToCoordinateUITests.swift */ = {isa = PBXFileReference; lastKnownFileType = sourcecode.swift; path = DirectionToCoordinateUITests.swift; sourceTree = "<group>"; };
		F221BD6B26049579004907E4 /* Info.plist */ = {isa = PBXFileReference; lastKnownFileType = text.plist.xml; path = Info.plist; sourceTree = "<group>"; };
/* End PBXFileReference section */

/* Begin PBXFrameworksBuildPhase section */
		F221BD4626049578004907E4 /* Frameworks */ = {
			isa = PBXFrameworksBuildPhase;
			buildActionMask = 2147483647;
			files = (
			);
			runOnlyForDeploymentPostprocessing = 0;
		};
		F221BD5726049579004907E4 /* Frameworks */ = {
			isa = PBXFrameworksBuildPhase;
			buildActionMask = 2147483647;
			files = (
			);
			runOnlyForDeploymentPostprocessing = 0;
		};
		F221BD6226049579004907E4 /* Frameworks */ = {
			isa = PBXFrameworksBuildPhase;
			buildActionMask = 2147483647;
			files = (
			);
			runOnlyForDeploymentPostprocessing = 0;
		};
/* End PBXFrameworksBuildPhase section */

/* Begin PBXGroup section */
		F221BD4026049578004907E4 = {
			isa = PBXGroup;
			children = (
				F221BD4B26049578004907E4 /* DirectionToCoordinate */,
				F221BD5D26049579004907E4 /* DirectionToCoordinateTests */,
				F221BD6826049579004907E4 /* DirectionToCoordinateUITests */,
				F221BD4A26049578004907E4 /* Products */,
			);
			sourceTree = "<group>";
		};
		F221BD4A26049578004907E4 /* Products */ = {
			isa = PBXGroup;
			children = (
				F221BD4926049578004907E4 /* DirectionToCoordinate.app */,
				F221BD5A26049579004907E4 /* DirectionToCoordinateTests.xctest */,
				F221BD6526049579004907E4 /* DirectionToCoordinateUITests.xctest */,
			);
			name = Products;
			sourceTree = "<group>";
		};
		F221BD4B26049578004907E4 /* DirectionToCoordinate */ = {
			isa = PBXGroup;
			children = (
				F221BD4C26049578004907E4 /* DirectionToCoordinateApp.swift */,
				F221BD4E26049578004907E4 /* ContentView.swift */,
				F221BD5026049579004907E4 /* Assets.xcassets */,
				F221BD5526049579004907E4 /* Info.plist */,
				F221BD5226049579004907E4 /* Preview Content */,
			);
			path = DirectionToCoordinate;
			sourceTree = "<group>";
		};
		F221BD5226049579004907E4 /* Preview Content */ = {
			isa = PBXGroup;
			children = (
				F221BD5326049579004907E4 /* Preview Assets.xcassets */,
			);
			path = "Preview Content";
			sourceTree = "<group>";
		};
		F221BD5D26049579004907E4 /* DirectionToCoordinateTests */ = {
			isa = PBXGroup;
			children = (
				F221BD5E26049579004907E4 /* DirectionToCoordinateTests.swift */,
				F221BD6026049579004907E4 /* Info.plist */,
			);
			path = DirectionToCoordinateTests;
			sourceTree = "<group>";
		};
		F221BD6826049579004907E4 /* DirectionToCoordinateUITests */ = {
			isa = PBXGroup;
			children = (
				F221BD6926049579004907E4 /* DirectionToCoordinateUITests.swift */,
				F221BD6B26049579004907E4 /* Info.plist */,
			);
			path = DirectionToCoordinateUITests;
			sourceTree = "<group>";
		};
/* End PBXGroup section */

/* Begin PBXNativeTarget section */
		F221BD4826049578004907E4 /* DirectionToCoordinate */ = {
			isa = PBXNativeTarget;
			buildConfigurationList = F221BD6E26049579004907E4 /* Build configuration list for PBXNativeTarget "DirectionToCoordinate" */;
			buildPhases = (
				F221BD4526049578004907E4 /* Sources */,
				F221BD4626049578004907E4 /* Frameworks */,
				F221BD4726049578004907E4 /* Resources */,
			);
			buildRules = (
			);
			dependencies = (
			);
			name = DirectionToCoordinate;
			productName = DirectionToCoordinate;
			productReference = F221BD4926049578004907E4 /* DirectionToCoordinate.app */;
			productType = "com.apple.product-type.application";
		};
		F221BD5926049579004907E4 /* DirectionToCoordinateTests */ = {
			isa = PBXNativeTarget;
			buildConfigurationList = F221BD7126049579004907E4 /* Build configuration list for PBXNativeTarget "DirectionToCoordinateTests" */;
			buildPhases = (
				F221BD5626049579004907E4 /* Sources */,
				F221BD5726049579004907E4 /* Frameworks */,
				F221BD5826049579004907E4 /* Resources */,
			);
			buildRules = (
			);
			dependencies = (
				F221BD5C26049579004907E4 /* PBXTargetDependency */,
			);
			name = DirectionToCoordinateTests;
			productName = DirectionToCoordinateTests;
			productReference = F221BD5A26049579004907E4 /* DirectionToCoordinateTests.xctest */;
			productType = "com.apple.product-type.bundle.unit-test";
		};
		F221BD6426049579004907E4 /* DirectionToCoordinateUITests */ = {
			isa = PBXNativeTarget;
			buildConfigurationList = F221BD7426049579004907E4 /* Build configuration list for PBXNativeTarget "DirectionToCoordinateUITests" */;
			buildPhases = (
				F221BD6126049579004907E4 /* Sources */,
				F221BD6226049579004907E4 /* Frameworks */,
				F221BD6326049579004907E4 /* Resources */,
			);
			buildRules = (
			);
			dependencies = (
				F221BD6726049579004907E4 /* PBXTargetDependency */,
			);
			name = DirectionToCoordinateUITests;
			productName = DirectionToCoordinateUITests;
			productReference = F221BD6526049579004907E4 /* DirectionToCoordinateUITests.xctest */;
			productType = "com.apple.product-type.bundle.ui-testing";
		};
/* End PBXNativeTarget section */

/* Begin PBXProject section */
		F221BD4126049578004907E4 /* Project object */ = {
			isa = PBXProject;
			attributes = {
				LastSwiftUpdateCheck = 1240;
				LastUpgradeCheck = 1240;
				TargetAttributes = {
					F221BD4826049578004907E4 = {
						CreatedOnToolsVersion = 12.4;
					};
					F221BD5926049579004907E4 = {
						CreatedOnToolsVersion = 12.4;
						TestTargetID = F221BD4826049578004907E4;
					};
					F221BD6426049579004907E4 = {
						CreatedOnToolsVersion = 12.4;
						TestTargetID = F221BD4826049578004907E4;
					};
				};
			};
			buildConfigurationList = F221BD4426049578004907E4 /* Build configuration list for PBXProject "DirectionToCoordinate" */;
			compatibilityVersion = "Xcode 9.3";
			developmentRegion = en;
			hasScannedForEncodings = 0;
			knownRegions = (
				en,
				Base,
			);
			mainGroup = F221BD4026049578004907E4;
			productRefGroup = F221BD4A26049578004907E4 /* Products */;
			projectDirPath = "";
			projectRoot = "";
			targets = (
				F221BD4826049578004907E4 /* DirectionToCoordinate */,
				F221BD5926049579004907E4 /* DirectionToCoordinateTests */,
				F221BD6426049579004907E4 /* DirectionToCoordinateUITests */,
			);
		};
/* End PBXProject section */

/* Begin PBXResourcesBuildPhase section */
		F221BD4726049578004907E4 /* Resources */ = {
			isa = PBXResourcesBuildPhase;
			buildActionMask = 2147483647;
			files = (
				F221BD5426049579004907E4 /* Preview Assets.xcassets in Resources */,
				F221BD5126049579004907E4 /* Assets.xcassets in Resources */,
			);
			runOnlyForDeploymentPostprocessing = 0;
		};
		F221BD5826049579004907E4 /* Resources */ = {
			isa = PBXResourcesBuildPhase;
			buildActionMask = 2147483647;
			files = (
			);
			runOnlyForDeploymentPostprocessing = 0;
		};
		F221BD6326049579004907E4 /* Resources */ = {
			isa = PBXResourcesBuildPhase;
			buildActionMask = 2147483647;
			files = (
			);
			runOnlyForDeploymentPostprocessing = 0;
		};
/* End PBXResourcesBuildPhase section */

/* Begin PBXSourcesBuildPhase section */
		F221BD4526049578004907E4 /* Sources */ = {
			isa = PBXSourcesBuildPhase;
			buildActionMask = 2147483647;
			files = (
				F221BD4F26049578004907E4 /* ContentView.swift in Sources */,
				F221BD4D26049578004907E4 /* DirectionToCoordinateApp.swift in Sources */,
			);
			runOnlyForDeploymentPostprocessing = 0;
		};
		F221BD5626049579004907E4 /* Sources */ = {
			isa = PBXSourcesBuildPhase;
			buildActionMask = 2147483647;
			files = (
				F221BD5F26049579004907E4 /* DirectionToCoordinateTests.swift in Sources */,
			);
			runOnlyForDeploymentPostprocessing = 0;
		};
		F221BD6126049579004907E4 /* Sources */ = {
			isa = PBXSourcesBuildPhase;
			buildActionMask = 2147483647;
			files = (
				F221BD6A26049579004907E4 /* DirectionToCoordinateUITests.swift in Sources */,
			);
			runOnlyForDeploymentPostprocessing = 0;
		};
/* End PBXSourcesBuildPhase section */

/* Begin PBXTargetDependency section */
		F221BD5C26049579004907E4 /* PBXTargetDependency */ = {
			isa = PBXTargetDependency;
			target = F221BD4826049578004907E4 /* DirectionToCoordinate */;
			targetProxy = F221BD5B26049579004907E4 /* PBXContainerItemProxy */;
		};
		F221BD6726049579004907E4 /* PBXTargetDependency */ = {
			isa = PBXTargetDependency;
			target = F221BD4826049578004907E4 /* DirectionToCoordinate */;
			targetProxy = F221BD6626049579004907E4 /* PBXContainerItemProxy */;
		};
/* End PBXTargetDependency section */

/* Begin XCBuildConfiguration section */
		F221BD6C26049579004907E4 /* Debug */ = {
			isa = XCBuildConfiguration;
			buildSettings = {
				ALWAYS_SEARCH_USER_PATHS = NO;
				CLANG_ANALYZER_NONNULL = YES;
				CLANG_ANALYZER_NUMBER_OBJECT_CONVERSION = YES_AGGRESSIVE;
				CLANG_CXX_LANGUAGE_STANDARD = "gnu++14";
				CLANG_CXX_LIBRARY = "libc++";
				CLANG_ENABLE_MODULES = YES;
				CLANG_ENABLE_OBJC_ARC = YES;
				CLANG_ENABLE_OBJC_WEAK = YES;
				CLANG_WARN_BLOCK_CAPTURE_AUTORELEASING = YES;
				CLANG_WARN_BOOL_CONVERSION = YES;
				CLANG_WARN_COMMA = YES;
				CLANG_WARN_CONSTANT_CONVERSION = YES;
				CLANG_WARN_DEPRECATED_OBJC_IMPLEMENTATIONS = YES;
				CLANG_WARN_DIRECT_OBJC_ISA_USAGE = YES_ERROR;
				CLANG_WARN_DOCUMENTATION_COMMENTS = YES;
				CLANG_WARN_EMPTY_BODY = YES;
				CLANG_WARN_ENUM_CONVERSION = YES;
				CLANG_WARN_INFINITE_RECURSION = YES;
				CLANG_WARN_INT_CONVERSION = YES;
				CLANG_WARN_NON_LITERAL_NULL_CONVERSION = YES;
				CLANG_WARN_OBJC_IMPLICIT_RETAIN_SELF = YES;
				CLANG_WARN_OBJC_LITERAL_CONVERSION = YES;
				CLANG_WARN_OBJC_ROOT_CLASS = YES_ERROR;
				CLANG_WARN_QUOTED_INCLUDE_IN_FRAMEWORK_HEADER = YES;
				CLANG_WARN_RANGE_LOOP_ANALYSIS = YES;
				CLANG_WARN_STRICT_PROTOTYPES = YES;
				CLANG_WARN_SUSPICIOUS_MOVE = YES;
				CLANG_WARN_UNGUARDED_AVAILABILITY = YES_AGGRESSIVE;
				CLANG_WARN_UNREACHABLE_CODE = YES;
				CLANG_WARN__DUPLICATE_METHOD_MATCH = YES;
				COPY_PHASE_STRIP = NO;
				DEBUG_INFORMATION_FORMAT = dwarf;
				ENABLE_STRICT_OBJC_MSGSEND = YES;
				ENABLE_TESTABILITY = YES;
				GCC_C_LANGUAGE_STANDARD = gnu11;
				GCC_DYNAMIC_NO_PIC = NO;
				GCC_NO_COMMON_BLOCKS = YES;
				GCC_OPTIMIZATION_LEVEL = 0;
				GCC_PREPROCESSOR_DEFINITIONS = (
					"DEBUG=1",
					"$(inherited)",
				);
				GCC_WARN_64_TO_32_BIT_CONVERSION = YES;
				GCC_WARN_ABOUT_RETURN_TYPE = YES_ERROR;
				GCC_WARN_UNDECLARED_SELECTOR = YES;
				GCC_WARN_UNINITIALIZED_AUTOS = YES_AGGRESSIVE;
				GCC_WARN_UNUSED_FUNCTION = YES;
				GCC_WARN_UNUSED_VARIABLE = YES;
				IPHONEOS_DEPLOYMENT_TARGET = 14.4;
				MTL_ENABLE_DEBUG_INFO = INCLUDE_SOURCE;
				MTL_FAST_MATH = YES;
				ONLY_ACTIVE_ARCH = YES;
				SDKROOT = iphoneos;
				SWIFT_ACTIVE_COMPILATION_CONDITIONS = DEBUG;
				SWIFT_OPTIMIZATION_LEVEL = "-Onone";
			};
			name = Debug;
		};
		F221BD6D26049579004907E4 /* Release */ = {
			isa = XCBuildConfiguration;
			buildSettings = {
				ALWAYS_SEARCH_USER_PATHS = NO;
				CLANG_ANALYZER_NONNULL = YES;
				CLANG_ANALYZER_NUMBER_OBJECT_CONVERSION = YES_AGGRESSIVE;
				CLANG_CXX_LANGUAGE_STANDARD = "gnu++14";
				CLANG_CXX_LIBRARY = "libc++";
				CLANG_ENABLE_MODULES = YES;
				CLANG_ENABLE_OBJC_ARC = YES;
				CLANG_ENABLE_OBJC_WEAK = YES;
				CLANG_WARN_BLOCK_CAPTURE_AUTORELEASING = YES;
				CLANG_WARN_BOOL_CONVERSION = YES;
				CLANG_WARN_COMMA = YES;
				CLANG_WARN_CONSTANT_CONVERSION = YES;
				CLANG_WARN_DEPRECATED_OBJC_IMPLEMENTATIONS = YES;
				CLANG_WARN_DIRECT_OBJC_ISA_USAGE = YES_ERROR;
				CLANG_WARN_DOCUMENTATION_COMMENTS = YES;
				CLANG_WARN_EMPTY_BODY = YES;
				CLANG_WARN_ENUM_CONVERSION = YES;
				CLANG_WARN_INFINITE_RECURSION = YES;
				CLANG_WARN_INT_CONVERSION = YES;
				CLANG_WARN_NON_LITERAL_NULL_CONVERSION = YES;
				CLANG_WARN_OBJC_IMPLICIT_RETAIN_SELF = YES;
				CLANG_WARN_OBJC_LITERAL_CONVERSION = YES;
				CLANG_WARN_OBJC_ROOT_CLASS = YES_ERROR;
				CLANG_WARN_QUOTED_INCLUDE_IN_FRAMEWORK_HEADER = YES;
				CLANG_WARN_RANGE_LOOP_ANALYSIS = YES;
				CLANG_WARN_STRICT_PROTOTYPES = YES;
				CLANG_WARN_SUSPICIOUS_MOVE = YES;
				CLANG_WARN_UNGUARDED_AVAILABILITY = YES_AGGRESSIVE;
				CLANG_WARN_UNREACHABLE_CODE = YES;
				CLANG_WARN__DUPLICATE_METHOD_MATCH = YES;
				COPY_PHASE_STRIP = NO;
				DEBUG_INFORMATION_FORMAT = "dwarf-with-dsym";
				ENABLE_NS_ASSERTIONS = NO;
				ENABLE_STRICT_OBJC_MSGSEND = YES;
				GCC_C_LANGUAGE_STANDARD = gnu11;
				GCC_NO_COMMON_BLOCKS = YES;
				GCC_WARN_64_TO_32_BIT_CONVERSION = YES;
				GCC_WARN_ABOUT_RETURN_TYPE = YES_ERROR;
				GCC_WARN_UNDECLARED_SELECTOR = YES;
				GCC_WARN_UNINITIALIZED_AUTOS = YES_AGGRESSIVE;
				GCC_WARN_UNUSED_FUNCTION = YES;
				GCC_WARN_UNUSED_VARIABLE = YES;
				IPHONEOS_DEPLOYMENT_TARGET = 14.4;
				MTL_ENABLE_DEBUG_INFO = NO;
				MTL_FAST_MATH = YES;
				SDKROOT = iphoneos;
				SWIFT_COMPILATION_MODE = wholemodule;
				SWIFT_OPTIMIZATION_LEVEL = "-O";
				VALIDATE_PRODUCT = YES;
			};
			name = Release;
		};
		F221BD6F26049579004907E4 /* Debug */ = {
			isa = XCBuildConfiguration;
			buildSettings = {
				ASSETCATALOG_COMPILER_APPICON_NAME = AppIcon;
				ASSETCATALOG_COMPILER_GLOBAL_ACCENT_COLOR_NAME = AccentColor;
				CODE_SIGN_STYLE = Automatic;
				DEVELOPMENT_ASSET_PATHS = "\"DirectionToCoordinate/Preview Content\"";
				DEVELOPMENT_TEAM = Q6PD97MRX4;
				ENABLE_PREVIEWS = YES;
				INFOPLIST_FILE = DirectionToCoordinate/Info.plist;
				IPHONEOS_DEPLOYMENT_TARGET = 14.0;
				LD_RUNPATH_SEARCH_PATHS = (
					"$(inherited)",
					"@executable_path/Frameworks",
				);
				PRODUCT_BUNDLE_IDENTIFIER = de.dasdom.DirectionToCoordinate;
				PRODUCT_NAME = "$(TARGET_NAME)";
				SWIFT_VERSION = 5.0;
				TARGETED_DEVICE_FAMILY = "1,2";
			};
			name = Debug;
		};
		F221BD7026049579004907E4 /* Release */ = {
			isa = XCBuildConfiguration;
			buildSettings = {
				ASSETCATALOG_COMPILER_APPICON_NAME = AppIcon;
				ASSETCATALOG_COMPILER_GLOBAL_ACCENT_COLOR_NAME = AccentColor;
				CODE_SIGN_STYLE = Automatic;
				DEVELOPMENT_ASSET_PATHS = "\"DirectionToCoordinate/Preview Content\"";
				DEVELOPMENT_TEAM = Q6PD97MRX4;
				ENABLE_PREVIEWS = YES;
				INFOPLIST_FILE = DirectionToCoordinate/Info.plist;
				IPHONEOS_DEPLOYMENT_TARGET = 14.0;
				LD_RUNPATH_SEARCH_PATHS = (
					"$(inherited)",
					"@executable_path/Frameworks",
				);
				PRODUCT_BUNDLE_IDENTIFIER = de.dasdom.DirectionToCoordinate;
				PRODUCT_NAME = "$(TARGET_NAME)";
				SWIFT_VERSION = 5.0;
				TARGETED_DEVICE_FAMILY = "1,2";
			};
			name = Release;
		};
		F221BD7226049579004907E4 /* Debug */ = {
			isa = XCBuildConfiguration;
			buildSettings = {
				ALWAYS_EMBED_SWIFT_STANDARD_LIBRARIES = YES;
				BUNDLE_LOADER = "$(TEST_HOST)";
				CODE_SIGN_STYLE = Automatic;
				DEVELOPMENT_TEAM = Q6PD97MRX4;
				INFOPLIST_FILE = DirectionToCoordinateTests/Info.plist;
				IPHONEOS_DEPLOYMENT_TARGET = 14.0;
				LD_RUNPATH_SEARCH_PATHS = (
					"$(inherited)",
					"@executable_path/Frameworks",
					"@loader_path/Frameworks",
				);
				PRODUCT_BUNDLE_IDENTIFIER = de.dasdom.DirectionToCoordinateTests;
				PRODUCT_NAME = "$(TARGET_NAME)";
				SWIFT_VERSION = 5.0;
				TARGETED_DEVICE_FAMILY = "1,2";
				TEST_HOST = "$(BUILT_PRODUCTS_DIR)/DirectionToCoordinate.app/DirectionToCoordinate";
			};
			name = Debug;
		};
		F221BD7326049579004907E4 /* Release */ = {
			isa = XCBuildConfiguration;
			buildSettings = {
				ALWAYS_EMBED_SWIFT_STANDARD_LIBRARIES = YES;
				BUNDLE_LOADER = "$(TEST_HOST)";
				CODE_SIGN_STYLE = Automatic;
				DEVELOPMENT_TEAM = Q6PD97MRX4;
				INFOPLIST_FILE = DirectionToCoordinateTests/Info.plist;
				IPHONEOS_DEPLOYMENT_TARGET = 14.0;
				LD_RUNPATH_SEARCH_PATHS = (
					"$(inherited)",
					"@executable_path/Frameworks",
					"@loader_path/Frameworks",
				);
				PRODUCT_BUNDLE_IDENTIFIER = de.dasdom.DirectionToCoordinateTests;
				PRODUCT_NAME = "$(TARGET_NAME)";
				SWIFT_VERSION = 5.0;
				TARGETED_DEVICE_FAMILY = "1,2";
				TEST_HOST = "$(BUILT_PRODUCTS_DIR)/DirectionToCoordinate.app/DirectionToCoordinate";
			};
			name = Release;
		};
		F221BD7526049579004907E4 /* Debug */ = {
			isa = XCBuildConfiguration;
			buildSettings = {
				ALWAYS_EMBED_SWIFT_STANDARD_LIBRARIES = YES;
				CODE_SIGN_STYLE = Automatic;
				DEVELOPMENT_TEAM = Q6PD97MRX4;
				INFOPLIST_FILE = DirectionToCoordinateUITests/Info.plist;
				LD_RUNPATH_SEARCH_PATHS = (
					"$(inherited)",
					"@executable_path/Frameworks",
					"@loader_path/Frameworks",
				);
				PRODUCT_BUNDLE_IDENTIFIER = de.dasdom.DirectionToCoordinateUITests;
				PRODUCT_NAME = "$(TARGET_NAME)";
				SWIFT_VERSION = 5.0;
				TARGETED_DEVICE_FAMILY = "1,2";
				TEST_TARGET_NAME = DirectionToCoordinate;
			};
			name = Debug;
		};
		F221BD7626049579004907E4 /* Release */ = {
			isa = XCBuildConfiguration;
			buildSettings = {
				ALWAYS_EMBED_SWIFT_STANDARD_LIBRARIES = YES;
				CODE_SIGN_STYLE = Automatic;
				DEVELOPMENT_TEAM = Q6PD97MRX4;
				INFOPLIST_FILE = DirectionToCoordinateUITests/Info.plist;
				LD_RUNPATH_SEARCH_PATHS = (
					"$(inherited)",
					"@executable_path/Frameworks",
					"@loader_path/Frameworks",
				);
				PRODUCT_BUNDLE_IDENTIFIER = de.dasdom.DirectionToCoordinateUITests;
				PRODUCT_NAME = "$(TARGET_NAME)";
				SWIFT_VERSION = 5.0;
				TARGETED_DEVICE_FAMILY = "1,2";
				TEST_TARGET_NAME = DirectionToCoordinate;
			};
			name = Release;
		};
/* End XCBuildConfiguration section */

/* Begin XCConfigurationList section */
		F221BD4426049578004907E4 /* Build configuration list for PBXProject "DirectionToCoordinate" */ = {
			isa = XCConfigurationList;
			buildConfigurations = (
				F221BD6C26049579004907E4 /* Debug */,
				F221BD6D26049579004907E4 /* Release */,
			);
			defaultConfigurationIsVisible = 0;
			defaultConfigurationName = Release;
		};
		F221BD6E26049579004907E4 /* Build configuration list for PBXNativeTarget "DirectionToCoordinate" */ = {
			isa = XCConfigurationList;
			buildConfigurations = (
				F221BD6F26049579004907E4 /* Debug */,
				F221BD7026049579004907E4 /* Release */,
			);
			defaultConfigurationIsVisible = 0;
			defaultConfigurationName = Release;
		};
		F221BD7126049579004907E4 /* Build configuration list for PBXNativeTarget "DirectionToCoordinateTests" */ = {
			isa = XCConfigurationList;
			buildConfigurations = (
				F221BD7226049579004907E4 /* Debug */,
				F221BD7326049579004907E4 /* Release */,
			);
			defaultConfigurationIsVisible = 0;
			defaultConfigurationName = Release;
		};
		F221BD7426049579004907E4 /* Build configuration list for PBXNativeTarget "DirectionToCoordinateUITests" */ = {
			isa = XCConfigurationList;
			buildConfigurations = (
				F221BD7526049579004907E4 /* Debug */,
				F221BD7626049579004907E4 /* Release */,
			);
			defaultConfigurationIsVisible = 0;
			defaultConfigurationName = Release;
		};
/* End XCConfigurationList section */
	};
	rootObject = F221BD4126049578004907E4 /* Project object */;
}
